
Microsoft Visual Studio Solution File, Format Version 12.00
# Visual Studio 14
VisualStudioVersion = 14.0.23107.0
MinimumVisualStudioVersion = 10.0.40219.1
Project("{FAE04EC0-301F-11D3-BF4B-00C04F79EFBC}") = "FrontendService", "FrontendService\FrontendService.csproj", "{DEE3CAE6-6B6D-4502-BFE8-A68A892C9C94}"
EndProject
Project("{FAE04EC0-301F-11D3-BF4B-00C04F79EFBC}") = "Domain", "Domain\Domain.csproj", "{BC92C59D-33B9-4E50-8CF3-3B72E8BAA876}"
EndProject
Project("{FAE04EC0-301F-11D3-BF4B-00C04F79EFBC}") = "Infrastructure", "Infrastructure\Infrastructure.csproj", "{71E5540E-78F5-4433-8BC9-BE5CFE3F99DE}"
EndProject
Project("{FAE04EC0-301F-11D3-BF4B-00C04F79EFBC}") = "UnitTestProject1", "UnitTestProject1\UnitTestProject1.csproj", "{FA811C3E-E5EB-42FC-8697-D4C743577CF2}"
EndProject
Project("{FAE04EC0-301F-11D3-BF4B-00C04F79EFBC}") = "MovieRepositoryTest", "MovieRepositoryTest\MovieRepositoryTest.csproj", "{84AA737E-1B21-4EA7-A89B-FF2C67E685A8}"
EndProject
Global
	GlobalSection(SolutionConfigurationPlatforms) = preSolution
		Debug|Any CPU = Debug|Any CPU
		Release|Any CPU = Release|Any CPU
	EndGlobalSection
	GlobalSection(ProjectConfigurationPlatforms) = postSolution
		{DEE3CAE6-6B6D-4502-BFE8-A68A892C9C94}.Debug|Any CPU.ActiveCfg = Debug|Any CPU
		{DEE3CAE6-6B6D-4502-BFE8-A68A892C9C94}.Debug|Any CPU.Build.0 = Debug|Any CPU
		{DEE3CAE6-6B6D-4502-BFE8-A68A892C9C94}.Release|Any CPU.ActiveCfg = Release|Any CPU
		{DEE3CAE6-6B6D-4502-BFE8-A68A892C9C94}.Release|Any CPU.Build.0 = Release|Any CPU
		{BC92C59D-33B9-4E50-8CF3-3B72E8BAA876}.Debug|Any CPU.ActiveCfg = Debug|Any CPU
		{BC92C59D-33B9-4E50-8CF3-3B72E8BAA876}.Debug|Any CPU.Build.0 = Debug|Any CPU
		{BC92C59D-33B9-4E50-8CF3-3B72E8BAA876}.Release|Any CPU.ActiveCfg = Release|Any CPU
		{BC92C59D-33B9-4E50-8CF3-3B72E8BAA876}.Release|Any CPU.Build.0 = Release|Any CPU
		{71E5540E-78F5-4433-8BC9-BE5CFE3F99DE}.Debug|Any CPU.ActiveCfg = Debug|Any CPU
		{71E5540E-78F5-4433-8BC9-BE5CFE3F99DE}.Debug|Any CPU.Build.0 = Debug|Any CPU
		{71E5540E-78F5-4433-8BC9-BE5CFE3F99DE}.Release|Any CPU.ActiveCfg = Release|Any CPU
		{71E5540E-78F5-4433-8BC9-BE5CFE3F99DE}.Release|Any CPU.Build.0 = Release|Any CPU
		{FA811C3E-E5EB-42FC-8697-D4C743577CF2}.Debug|Any CPU.ActiveCfg = Debug|Any CPU
		{FA811C3E-E5EB-42FC-8697-D4C743577CF2}.Debug|Any CPU.Build.0 = Debug|Any CPU
		{FA811C3E-E5EB-42FC-8697-D4C743577CF2}.Release|Any CPU.ActiveCfg = Release|Any CPU
		{FA811C3E-E5EB-42FC-8697-D4C743577CF2}.Release|Any CPU.Build.0 = Release|Any CPU
		{84AA737E-1B21-4EA7-A89B-FF2C67E685A8}.Debug|Any CPU.ActiveCfg = Debug|Any CPU
		{84AA737E-1B21-4EA7-A89B-FF2C67E685A8}.Debug|Any CPU.Build.0 = Debug|Any CPU
		{84AA737E-1B21-4EA7-A89B-FF2C67E685A8}.Release|Any CPU.ActiveCfg = Release|Any CPU
		{84AA737E-1B21-4EA7-A89B-FF2C67E685A8}.Release|Any CPU.Build.0 = Release|Any CPU
	EndGlobalSection
	GlobalSection(SolutionProperties) = preSolution
		HideSolutionNode = FALSE
	EndGlobalSection
EndGlobal
